
Microsoft Visual Studio Solution File, Format Version 12.00
# Visual Studio Version 17
VisualStudioVersion = 17.0.31903.59
MinimumVisualStudioVersion = 10.0.40219.1
Project("{FAE04EC0-301F-11D3-BF4B-00C04F79EFBC}") = "PRN232.LAB_1_REST_API.API", "PRN232.LAB_1_REST_API.API\PRN232.LAB_1_REST_API.API.csproj", "{EACF86CC-745F-47B0-A53E-DF7DA46F24B6}"
EndProject
Project("{FAE04EC0-301F-11D3-BF4B-00C04F79EFBC}") = "PRN232.LAB_1_REST_API.Services", "PRN232.LAB_1_REST_API.Services\PRN232.LAB_1_REST_API.Services.csproj", "{7416E752-D85D-4777-999B-89949B18CD64}"
EndProject
Project("{FAE04EC0-301F-11D3-BF4B-00C04F79EFBC}") = "PRN232.LAB_1_REST_API.Repositories", "PRN232.LAB_1_REST_API.Repositories\PRN232.LAB_1_REST_API.Repositories.csproj", "{A8CE6342-6F46-4E8A-AF32-9DC3BDAB0414}"
EndProject
Global
	GlobalSection(SolutionConfigurationPlatforms) = preSolution
		Debug|Any CPU = Debug|Any CPU
		Debug|x64 = Debug|x64
		Debug|x86 = Debug|x86
		Release|Any CPU = Release|Any CPU
		Release|x64 = Release|x64
		Release|x86 = Release|x86
	EndGlobalSection
	GlobalSection(ProjectConfigurationPlatforms) = postSolution
		{EACF86CC-745F-47B0-A53E-DF7DA46F24B6}.Debug|Any CPU.ActiveCfg = Debug|Any CPU
		{EACF86CC-745F-47B0-A53E-DF7DA46F24B6}.Debug|Any CPU.Build.0 = Debug|Any CPU
		{EACF86CC-745F-47B0-A53E-DF7DA46F24B6}.Debug|x64.ActiveCfg = Debug|Any CPU
		{EACF86CC-745F-47B0-A53E-DF7DA46F24B6}.Debug|x64.Build.0 = Debug|Any CPU
		{EACF86CC-745F-47B0-A53E-DF7DA46F24B6}.Debug|x86.ActiveCfg = Debug|Any CPU
		{EACF86CC-745F-47B0-A53E-DF7DA46F24B6}.Debug|x86.Build.0 = Debug|Any CPU
		{EACF86CC-745F-47B0-A53E-DF7DA46F24B6}.Release|Any CPU.ActiveCfg = Release|Any CPU
		{EACF86CC-745F-47B0-A53E-DF7DA46F24B6}.Release|Any CPU.Build.0 = Release|Any CPU
		{EACF86CC-745F-47B0-A53E-DF7DA46F24B6}.Release|x64.ActiveCfg = Release|Any CPU
		{EACF86CC-745F-47B0-A53E-DF7DA46F24B6}.Release|x64.Build.0 = Release|Any CPU
		{EACF86CC-745F-47B0-A53E-DF7DA46F24B6}.Release|x86.ActiveCfg = Release|Any CPU
		{EACF86CC-745F-47B0-A53E-DF7DA46F24B6}.Release|x86.Build.0 = Release|Any CPU
		{7416E752-D85D-4777-999B-89949B18CD64}.Debug|Any CPU.ActiveCfg = Debug|Any CPU
		{7416E752-D85D-4777-999B-89949B18CD64}.Debug|Any CPU.Build.0 = Debug|Any CPU
		{7416E752-D85D-4777-999B-89949B18CD64}.Debug|x64.ActiveCfg = Debug|Any CPU
		{7416E752-D85D-4777-999B-89949B18CD64}.Debug|x64.Build.0 = Debug|Any CPU
		{7416E752-D85D-4777-999B-89949B18CD64}.Debug|x86.ActiveCfg = Debug|Any CPU
		{7416E752-D85D-4777-999B-89949B18CD64}.Debug|x86.Build.0 = Debug|Any CPU
		{7416E752-D85D-4777-999B-89949B18CD64}.Release|Any CPU.ActiveCfg = Release|Any CPU
		{7416E752-D85D-4777-999B-89949B18CD64}.Release|Any CPU.Build.0 = Release|Any CPU
		{7416E752-D85D-4777-999B-89949B18CD64}.Release|x64.ActiveCfg = Release|Any CPU
		{7416E752-D85D-4777-999B-89949B18CD64}.Release|x64.Build.0 = Release|Any CPU
		{7416E752-D85D-4777-999B-89949B18CD64}.Release|x86.ActiveCfg = Release|Any CPU
		{7416E752-D85D-4777-999B-89949B18CD64}.Release|x86.Build.0 = Release|Any CPU
		{A8CE6342-6F46-4E8A-AF32-9DC3BDAB0414}.Debug|Any CPU.ActiveCfg = Debug|Any CPU
		{A8CE6342-6F46-4E8A-AF32-9DC3BDAB0414}.Debug|Any CPU.Build.0 = Debug|Any CPU
		{A8CE6342-6F46-4E8A-AF32-9DC3BDAB0414}.Debug|x64.ActiveCfg = Debug|Any CPU
		{A8CE6342-6F46-4E8A-AF32-9DC3BDAB0414}.Debug|x64.Build.0 = Debug|Any CPU
		{A8CE6342-6F46-4E8A-AF32-9DC3BDAB0414}.Debug|x86.ActiveCfg = Debug|Any CPU
		{A8CE6342-6F46-4E8A-AF32-9DC3BDAB0414}.Debug|x86.Build.0 = Debug|Any CPU
		{A8CE6342-6F46-4E8A-AF32-9DC3BDAB0414}.Release|Any CPU.ActiveCfg = Release|Any CPU
		{A8CE6342-6F46-4E8A-AF32-9DC3BDAB0414}.Release|Any CPU.Build.0 = Release|Any CPU
		{A8CE6342-6F46-4E8A-AF32-9DC3BDAB0414}.Release|x64.ActiveCfg = Release|Any CPU
		{A8CE6342-6F46-4E8A-AF32-9DC3BDAB0414}.Release|x64.Build.0 = Release|Any CPU
		{A8CE6342-6F46-4E8A-AF32-9DC3BDAB0414}.Release|x86.ActiveCfg = Release|Any CPU
		{A8CE6342-6F46-4E8A-AF32-9DC3BDAB0414}.Release|x86.Build.0 = Release|Any CPU
	EndGlobalSection
	GlobalSection(SolutionProperties) = preSolution
		HideSolutionNode = FALSE
	EndGlobalSection
EndGlobal
