
Microsoft Visual Studio Solution File, Format Version 12.00
# Visual Studio Version 17
VisualStudioVersion = 17.0.31903.59
MinimumVisualStudioVersion = 10.0.40219.1
Project("{FAE04EC0-301F-11D3-BF4B-00C04F79EFBC}") = "PRN232.LAB_2_REST_API.API", "PRN232.LAB_2_REST_API.API\PRN232.LAB_2_REST_API.API.csproj", "{B9437C07-D280-4E2B-8587-0A19B588B626}"
EndProject
Project("{FAE04EC0-301F-11D3-BF4B-00C04F79EFBC}") = "PRN232.LAB_2_REST_API.Repositories", "PRN232.LAB_2_REST_API.Repositories\PRN232.LAB_2_REST_API.Repositories.csproj", "{EC11FE8D-1231-4521-B444-4E36A9F3CC4B}"
EndProject
Project("{FAE04EC0-301F-11D3-BF4B-00C04F79EFBC}") = "PRN232.LAB_2_REST_API.Services", "PRN232.LAB_2_REST_API.Services\PRN232.LAB_2_REST_API.Services.csproj", "{A0DFCDCB-EF4B-4A17-A44B-AD4A123055AC}"
EndProject
Global
	GlobalSection(SolutionConfigurationPlatforms) = preSolution
		Debug|Any CPU = Debug|Any CPU
		Debug|x64 = Debug|x64
		Debug|x86 = Debug|x86
		Release|Any CPU = Release|Any CPU
		Release|x64 = Release|x64
		Release|x86 = Release|x86
	EndGlobalSection
	GlobalSection(ProjectConfigurationPlatforms) = postSolution
		{B9437C07-D280-4E2B-8587-0A19B588B626}.Debug|Any CPU.ActiveCfg = Debug|Any CPU
		{B9437C07-D280-4E2B-8587-0A19B588B626}.Debug|Any CPU.Build.0 = Debug|Any CPU
		{B9437C07-D280-4E2B-8587-0A19B588B626}.Debug|x64.ActiveCfg = Debug|Any CPU
		{B9437C07-D280-4E2B-8587-0A19B588B626}.Debug|x64.Build.0 = Debug|Any CPU
		{B9437C07-D280-4E2B-8587-0A19B588B626}.Debug|x86.ActiveCfg = Debug|Any CPU
		{B9437C07-D280-4E2B-8587-0A19B588B626}.Debug|x86.Build.0 = Debug|Any CPU
		{B9437C07-D280-4E2B-8587-0A19B588B626}.Release|Any CPU.ActiveCfg = Release|Any CPU
		{B9437C07-D280-4E2B-8587-0A19B588B626}.Release|Any CPU.Build.0 = Release|Any CPU
		{B9437C07-D280-4E2B-8587-0A19B588B626}.Release|x64.ActiveCfg = Release|Any CPU
		{B9437C07-D280-4E2B-8587-0A19B588B626}.Release|x64.Build.0 = Release|Any CPU
		{B9437C07-D280-4E2B-8587-0A19B588B626}.Release|x86.ActiveCfg = Release|Any CPU
		{B9437C07-D280-4E2B-8587-0A19B588B626}.Release|x86.Build.0 = Release|Any CPU
		{EC11FE8D-1231-4521-B444-4E36A9F3CC4B}.Debug|Any CPU.ActiveCfg = Debug|Any CPU
		{EC11FE8D-1231-4521-B444-4E36A9F3CC4B}.Debug|Any CPU.Build.0 = Debug|Any CPU
		{EC11FE8D-1231-4521-B444-4E36A9F3CC4B}.Debug|x64.ActiveCfg = Debug|Any CPU
		{EC11FE8D-1231-4521-B444-4E36A9F3CC4B}.Debug|x64.Build.0 = Debug|Any CPU
		{EC11FE8D-1231-4521-B444-4E36A9F3CC4B}.Debug|x86.ActiveCfg = Debug|Any CPU
		{EC11FE8D-1231-4521-B444-4E36A9F3CC4B}.Debug|x86.Build.0 = Debug|Any CPU
		{EC11FE8D-1231-4521-B444-4E36A9F3CC4B}.Release|Any CPU.ActiveCfg = Release|Any CPU
		{EC11FE8D-1231-4521-B444-4E36A9F3CC4B}.Release|Any CPU.Build.0 = Release|Any CPU
		{EC11FE8D-1231-4521-B444-4E36A9F3CC4B}.Release|x64.ActiveCfg = Release|Any CPU
		{EC11FE8D-1231-4521-B444-4E36A9F3CC4B}.Release|x64.Build.0 = Release|Any CPU
		{EC11FE8D-1231-4521-B444-4E36A9F3CC4B}.Release|x86.ActiveCfg = Release|Any CPU
		{EC11FE8D-1231-4521-B444-4E36A9F3CC4B}.Release|x86.Build.0 = Release|Any CPU
		{A0DFCDCB-EF4B-4A17-A44B-AD4A123055AC}.Debug|Any CPU.ActiveCfg = Debug|Any CPU
		{A0DFCDCB-EF4B-4A17-A44B-AD4A123055AC}.Debug|Any CPU.Build.0 = Debug|Any CPU
		{A0DFCDCB-EF4B-4A17-A44B-AD4A123055AC}.Debug|x64.ActiveCfg = Debug|Any CPU
		{A0DFCDCB-EF4B-4A17-A44B-AD4A123055AC}.Debug|x64.Build.0 = Debug|Any CPU
		{A0DFCDCB-EF4B-4A17-A44B-AD4A123055AC}.Debug|x86.ActiveCfg = Debug|Any CPU
		{A0DFCDCB-EF4B-4A17-A44B-AD4A123055AC}.Debug|x86.Build.0 = Debug|Any CPU
		{A0DFCDCB-EF4B-4A17-A44B-AD4A123055AC}.Release|Any CPU.ActiveCfg = Release|Any CPU
		{A0DFCDCB-EF4B-4A17-A44B-AD4A123055AC}.Release|Any CPU.Build.0 = Release|Any CPU
		{A0DFCDCB-EF4B-4A17-A44B-AD4A123055AC}.Release|x64.ActiveCfg = Release|Any CPU
		{A0DFCDCB-EF4B-4A17-A44B-AD4A123055AC}.Release|x64.Build.0 = Release|Any CPU
		{A0DFCDCB-EF4B-4A17-A44B-AD4A123055AC}.Release|x86.ActiveCfg = Release|Any CPU
		{A0DFCDCB-EF4B-4A17-A44B-AD4A123055AC}.Release|x86.Build.0 = Release|Any CPU
	EndGlobalSection
	GlobalSection(SolutionProperties) = preSolution
		HideSolutionNode = FALSE
	EndGlobalSection
EndGlobal
